
Microsoft Visual Studio Solution File, Format Version 12.00
# Visual Studio Version 17
VisualStudioVersion = 17.8.34525.116
MinimumVisualStudioVersion = 10.0.40219.1
Project("{8BC9CEB8-8B4A-11D0-8D11-00A0C91BC942}") = "replace", "replace\replace.vcxproj", "{102ADBF6-EB92-45A3-9226-D978EF5BBFA8}"
EndProject
Project("{2150E333-8FDC-42A3-9474-1A3956D46DE8}") = "replace-f", "replace-f", "{F714CD52-BFE0-495D-B1CE-C12B92339DA9}"
EndProject
Project("{8BC9CEB8-8B4A-11D0-8D11-00A0C91BC942}") = "replace-tests", "replace-tests\replace-tests.vcxproj", "{1C61C813-AB72-460D-BE37-B94E500480A8}"
EndProject
Project("{2150E333-8FDC-42A3-9474-1A3956D46DE8}") = "primeNumbers-f", "primeNumbers-f", "{9AC8F32D-E178-4D25-B65D-A41B95C48DB7}"
EndProject
Project("{8BC9CEB8-8B4A-11D0-8D11-00A0C91BC942}") = "primeNumbers", "primeNumbers\primeNumbers.vcxproj", "{86BC08F2-3ECF-4C22-A094-6FCB1BA164D8}"
EndProject
Project("{8BC9CEB8-8B4A-11D0-8D11-00A0C91BC942}") = "primeNumbers-tests", "primeNumbers-tests\primeNumbers-tests.vcxproj", "{231A8B21-E072-41BD-9293-EC0AB21E6970}"
EndProject
Project("{2150E333-8FDC-42A3-9474-1A3956D46DE8}") = "carDriving-f", "carDriving-f", "{E43DFAA4-7E08-4668-88ED-DE045D35C4A3}"
EndProject
Project("{8BC9CEB8-8B4A-11D0-8D11-00A0C91BC942}") = "carDriving", "carDriving\carDriving.vcxproj", "{39EAA322-71B0-4277-9270-E4CE5DBDF32A}"
EndProject
Project("{8BC9CEB8-8B4A-11D0-8D11-00A0C91BC942}") = "carDriving-tests", "carDriving-tests\carDriving-tests.vcxproj", "{5B321F9B-7AA8-40B6-BB39-601E4C88CD49}"
EndProject
Project("{2150E333-8FDC-42A3-9474-1A3956D46DE8}") = "calculator-f", "calculator-f", "{8C929C68-C490-4AE8-B623-3450914FEA16}"
EndProject
Project("{8BC9CEB8-8B4A-11D0-8D11-00A0C91BC942}") = "calculator", "Calculator\Calculator.vcxproj", "{91033847-5530-4E7C-9926-4820743E257E}"
EndProject
Project("{8BC9CEB8-8B4A-11D0-8D11-00A0C91BC942}") = "calculator-tests", "Calculator-tests\Calculator-tests.vcxproj", "{6CD4D434-411D-4350-9BC9-13C7303DCE3F}"
EndProject
Project("{2150E333-8FDC-42A3-9474-1A3956D46DE8}") = "date-f", "date-f", "{DDAA579F-A1DC-4BBB-965A-1E0FA0ABF460}"
EndProject
Project("{8BC9CEB8-8B4A-11D0-8D11-00A0C91BC942}") = "date", "date\date.vcxproj", "{57414544-AF6D-485C-A21C-1E0C893AD7E3}"
EndProject
Project("{8BC9CEB8-8B4A-11D0-8D11-00A0C91BC942}") = "date-tests", "date-tests\date-tests.vcxproj", "{B4C541FA-CC42-46A4-9EAA-E9FF0489A52D}"
EndProject
Project("{8BC9CEB8-8B4A-11D0-8D11-00A0C91BC942}") = "shapes", "shapes\shapes.vcxproj", "{93EC98ED-FD92-4684-9F4F-1424F431C2CE}"
EndProject
Project("{2150E333-8FDC-42A3-9474-1A3956D46DE8}") = "shapes-f", "shapes-f", "{FA3516B2-1BB7-456C-AFE5-B9F249584C54}"
EndProject
Project("{8BC9CEB8-8B4A-11D0-8D11-00A0C91BC942}") = "shapes-tests", "shapes-tests\shapes-tests.vcxproj", "{D556D848-802B-4CC8-ABEA-8D355FA5CF60}"
EndProject
Global
	GlobalSection(SolutionConfigurationPlatforms) = preSolution
		Debug|x64 = Debug|x64
		Debug|x86 = Debug|x86
		Release|x64 = Release|x64
		Release|x86 = Release|x86
	EndGlobalSection
	GlobalSection(ProjectConfigurationPlatforms) = postSolution
		{102ADBF6-EB92-45A3-9226-D978EF5BBFA8}.Debug|x64.ActiveCfg = Debug|x64
		{102ADBF6-EB92-45A3-9226-D978EF5BBFA8}.Debug|x64.Build.0 = Debug|x64
		{102ADBF6-EB92-45A3-9226-D978EF5BBFA8}.Debug|x86.ActiveCfg = Debug|Win32
		{102ADBF6-EB92-45A3-9226-D978EF5BBFA8}.Debug|x86.Build.0 = Debug|Win32
		{102ADBF6-EB92-45A3-9226-D978EF5BBFA8}.Release|x64.ActiveCfg = Release|x64
		{102ADBF6-EB92-45A3-9226-D978EF5BBFA8}.Release|x64.Build.0 = Release|x64
		{102ADBF6-EB92-45A3-9226-D978EF5BBFA8}.Release|x86.ActiveCfg = Release|Win32
		{102ADBF6-EB92-45A3-9226-D978EF5BBFA8}.Release|x86.Build.0 = Release|Win32
		{1C61C813-AB72-460D-BE37-B94E500480A8}.Debug|x64.ActiveCfg = Debug|x64
		{1C61C813-AB72-460D-BE37-B94E500480A8}.Debug|x64.Build.0 = Debug|x64
		{1C61C813-AB72-460D-BE37-B94E500480A8}.Debug|x86.ActiveCfg = Debug|Win32
		{1C61C813-AB72-460D-BE37-B94E500480A8}.Debug|x86.Build.0 = Debug|Win32
		{1C61C813-AB72-460D-BE37-B94E500480A8}.Release|x64.ActiveCfg = Release|x64
		{1C61C813-AB72-460D-BE37-B94E500480A8}.Release|x64.Build.0 = Release|x64
		{1C61C813-AB72-460D-BE37-B94E500480A8}.Release|x86.ActiveCfg = Release|Win32
		{1C61C813-AB72-460D-BE37-B94E500480A8}.Release|x86.Build.0 = Release|Win32
		{86BC08F2-3ECF-4C22-A094-6FCB1BA164D8}.Debug|x64.ActiveCfg = Debug|x64
		{86BC08F2-3ECF-4C22-A094-6FCB1BA164D8}.Debug|x64.Build.0 = Debug|x64
		{86BC08F2-3ECF-4C22-A094-6FCB1BA164D8}.Debug|x86.ActiveCfg = Debug|Win32
		{86BC08F2-3ECF-4C22-A094-6FCB1BA164D8}.Debug|x86.Build.0 = Debug|Win32
		{86BC08F2-3ECF-4C22-A094-6FCB1BA164D8}.Release|x64.ActiveCfg = Release|x64
		{86BC08F2-3ECF-4C22-A094-6FCB1BA164D8}.Release|x64.Build.0 = Release|x64
		{86BC08F2-3ECF-4C22-A094-6FCB1BA164D8}.Release|x86.ActiveCfg = Release|Win32
		{86BC08F2-3ECF-4C22-A094-6FCB1BA164D8}.Release|x86.Build.0 = Release|Win32
		{231A8B21-E072-41BD-9293-EC0AB21E6970}.Debug|x64.ActiveCfg = Debug|x64
		{231A8B21-E072-41BD-9293-EC0AB21E6970}.Debug|x64.Build.0 = Debug|x64
		{231A8B21-E072-41BD-9293-EC0AB21E6970}.Debug|x86.ActiveCfg = Debug|Win32
		{231A8B21-E072-41BD-9293-EC0AB21E6970}.Debug|x86.Build.0 = Debug|Win32
		{231A8B21-E072-41BD-9293-EC0AB21E6970}.Release|x64.ActiveCfg = Release|x64
		{231A8B21-E072-41BD-9293-EC0AB21E6970}.Release|x64.Build.0 = Release|x64
		{231A8B21-E072-41BD-9293-EC0AB21E6970}.Release|x86.ActiveCfg = Release|Win32
		{231A8B21-E072-41BD-9293-EC0AB21E6970}.Release|x86.Build.0 = Release|Win32
		{39EAA322-71B0-4277-9270-E4CE5DBDF32A}.Debug|x64.ActiveCfg = Debug|x64
		{39EAA322-71B0-4277-9270-E4CE5DBDF32A}.Debug|x64.Build.0 = Debug|x64
		{39EAA322-71B0-4277-9270-E4CE5DBDF32A}.Debug|x86.ActiveCfg = Debug|Win32
		{39EAA322-71B0-4277-9270-E4CE5DBDF32A}.Debug|x86.Build.0 = Debug|Win32
		{39EAA322-71B0-4277-9270-E4CE5DBDF32A}.Release|x64.ActiveCfg = Release|x64
		{39EAA322-71B0-4277-9270-E4CE5DBDF32A}.Release|x64.Build.0 = Release|x64
		{39EAA322-71B0-4277-9270-E4CE5DBDF32A}.Release|x86.ActiveCfg = Release|Win32
		{39EAA322-71B0-4277-9270-E4CE5DBDF32A}.Release|x86.Build.0 = Release|Win32
		{5B321F9B-7AA8-40B6-BB39-601E4C88CD49}.Debug|x64.ActiveCfg = Debug|x64
		{5B321F9B-7AA8-40B6-BB39-601E4C88CD49}.Debug|x64.Build.0 = Debug|x64
		{5B321F9B-7AA8-40B6-BB39-601E4C88CD49}.Debug|x86.ActiveCfg = Debug|Win32
		{5B321F9B-7AA8-40B6-BB39-601E4C88CD49}.Debug|x86.Build.0 = Debug|Win32
		{5B321F9B-7AA8-40B6-BB39-601E4C88CD49}.Release|x64.ActiveCfg = Release|x64
		{5B321F9B-7AA8-40B6-BB39-601E4C88CD49}.Release|x64.Build.0 = Release|x64
		{5B321F9B-7AA8-40B6-BB39-601E4C88CD49}.Release|x86.ActiveCfg = Release|Win32
		{5B321F9B-7AA8-40B6-BB39-601E4C88CD49}.Release|x86.Build.0 = Release|Win32
		{91033847-5530-4E7C-9926-4820743E257E}.Debug|x64.ActiveCfg = Debug|x64
		{91033847-5530-4E7C-9926-4820743E257E}.Debug|x64.Build.0 = Debug|x64
		{91033847-5530-4E7C-9926-4820743E257E}.Debug|x86.ActiveCfg = Debug|Win32
		{91033847-5530-4E7C-9926-4820743E257E}.Debug|x86.Build.0 = Debug|Win32
		{91033847-5530-4E7C-9926-4820743E257E}.Release|x64.ActiveCfg = Release|x64
		{91033847-5530-4E7C-9926-4820743E257E}.Release|x64.Build.0 = Release|x64
		{91033847-5530-4E7C-9926-4820743E257E}.Release|x86.ActiveCfg = Release|Win32
		{91033847-5530-4E7C-9926-4820743E257E}.Release|x86.Build.0 = Release|Win32
		{6CD4D434-411D-4350-9BC9-13C7303DCE3F}.Debug|x64.ActiveCfg = Debug|x64
		{6CD4D434-411D-4350-9BC9-13C7303DCE3F}.Debug|x64.Build.0 = Debug|x64
		{6CD4D434-411D-4350-9BC9-13C7303DCE3F}.Debug|x86.ActiveCfg = Debug|Win32
		{6CD4D434-411D-4350-9BC9-13C7303DCE3F}.Debug|x86.Build.0 = Debug|Win32
		{6CD4D434-411D-4350-9BC9-13C7303DCE3F}.Release|x64.ActiveCfg = Release|x64
		{6CD4D434-411D-4350-9BC9-13C7303DCE3F}.Release|x64.Build.0 = Release|x64
		{6CD4D434-411D-4350-9BC9-13C7303DCE3F}.Release|x86.ActiveCfg = Release|Win32
		{6CD4D434-411D-4350-9BC9-13C7303DCE3F}.Release|x86.Build.0 = Release|Win32
		{57414544-AF6D-485C-A21C-1E0C893AD7E3}.Debug|x64.ActiveCfg = Debug|x64
		{57414544-AF6D-485C-A21C-1E0C893AD7E3}.Debug|x64.Build.0 = Debug|x64
		{57414544-AF6D-485C-A21C-1E0C893AD7E3}.Debug|x86.ActiveCfg = Debug|Win32
		{57414544-AF6D-485C-A21C-1E0C893AD7E3}.Debug|x86.Build.0 = Debug|Win32
		{57414544-AF6D-485C-A21C-1E0C893AD7E3}.Release|x64.ActiveCfg = Release|x64
		{57414544-AF6D-485C-A21C-1E0C893AD7E3}.Release|x64.Build.0 = Release|x64
		{57414544-AF6D-485C-A21C-1E0C893AD7E3}.Release|x86.ActiveCfg = Release|Win32
		{57414544-AF6D-485C-A21C-1E0C893AD7E3}.Release|x86.Build.0 = Release|Win32
		{B4C541FA-CC42-46A4-9EAA-E9FF0489A52D}.Debug|x64.ActiveCfg = Debug|x64
		{B4C541FA-CC42-46A4-9EAA-E9FF0489A52D}.Debug|x64.Build.0 = Debug|x64
		{B4C541FA-CC42-46A4-9EAA-E9FF0489A52D}.Debug|x86.ActiveCfg = Debug|Win32
		{B4C541FA-CC42-46A4-9EAA-E9FF0489A52D}.Debug|x86.Build.0 = Debug|Win32
		{B4C541FA-CC42-46A4-9EAA-E9FF0489A52D}.Release|x64.ActiveCfg = Release|x64
		{B4C541FA-CC42-46A4-9EAA-E9FF0489A52D}.Release|x64.Build.0 = Release|x64
		{B4C541FA-CC42-46A4-9EAA-E9FF0489A52D}.Release|x86.ActiveCfg = Release|Win32
		{B4C541FA-CC42-46A4-9EAA-E9FF0489A52D}.Release|x86.Build.0 = Release|Win32
		{93EC98ED-FD92-4684-9F4F-1424F431C2CE}.Debug|x64.ActiveCfg = Debug|x64
		{93EC98ED-FD92-4684-9F4F-1424F431C2CE}.Debug|x64.Build.0 = Debug|x64
		{93EC98ED-FD92-4684-9F4F-1424F431C2CE}.Debug|x86.ActiveCfg = Debug|Win32
		{93EC98ED-FD92-4684-9F4F-1424F431C2CE}.Debug|x86.Build.0 = Debug|Win32
		{93EC98ED-FD92-4684-9F4F-1424F431C2CE}.Release|x64.ActiveCfg = Release|x64
		{93EC98ED-FD92-4684-9F4F-1424F431C2CE}.Release|x64.Build.0 = Release|x64
		{93EC98ED-FD92-4684-9F4F-1424F431C2CE}.Release|x86.ActiveCfg = Release|Win32
		{93EC98ED-FD92-4684-9F4F-1424F431C2CE}.Release|x86.Build.0 = Release|Win32
		{D556D848-802B-4CC8-ABEA-8D355FA5CF60}.Debug|x64.ActiveCfg = Debug|x64
		{D556D848-802B-4CC8-ABEA-8D355FA5CF60}.Debug|x64.Build.0 = Debug|x64
		{D556D848-802B-4CC8-ABEA-8D355FA5CF60}.Debug|x86.ActiveCfg = Debug|Win32
		{D556D848-802B-4CC8-ABEA-8D355FA5CF60}.Debug|x86.Build.0 = Debug|Win32
		{D556D848-802B-4CC8-ABEA-8D355FA5CF60}.Release|x64.ActiveCfg = Release|x64
		{D556D848-802B-4CC8-ABEA-8D355FA5CF60}.Release|x64.Build.0 = Release|x64
		{D556D848-802B-4CC8-ABEA-8D355FA5CF60}.Release|x86.ActiveCfg = Release|Win32
		{D556D848-802B-4CC8-ABEA-8D355FA5CF60}.Release|x86.Build.0 = Release|Win32
	EndGlobalSection
	GlobalSection(SolutionProperties) = preSolution
		HideSolutionNode = FALSE
	EndGlobalSection
	GlobalSection(NestedProjects) = preSolution
		{102ADBF6-EB92-45A3-9226-D978EF5BBFA8} = {F714CD52-BFE0-495D-B1CE-C12B92339DA9}
		{1C61C813-AB72-460D-BE37-B94E500480A8} = {F714CD52-BFE0-495D-B1CE-C12B92339DA9}
		{86BC08F2-3ECF-4C22-A094-6FCB1BA164D8} = {9AC8F32D-E178-4D25-B65D-A41B95C48DB7}
		{231A8B21-E072-41BD-9293-EC0AB21E6970} = {9AC8F32D-E178-4D25-B65D-A41B95C48DB7}
		{39EAA322-71B0-4277-9270-E4CE5DBDF32A} = {E43DFAA4-7E08-4668-88ED-DE045D35C4A3}
		{5B321F9B-7AA8-40B6-BB39-601E4C88CD49} = {E43DFAA4-7E08-4668-88ED-DE045D35C4A3}
		{91033847-5530-4E7C-9926-4820743E257E} = {8C929C68-C490-4AE8-B623-3450914FEA16}
		{6CD4D434-411D-4350-9BC9-13C7303DCE3F} = {8C929C68-C490-4AE8-B623-3450914FEA16}
		{57414544-AF6D-485C-A21C-1E0C893AD7E3} = {DDAA579F-A1DC-4BBB-965A-1E0FA0ABF460}
		{B4C541FA-CC42-46A4-9EAA-E9FF0489A52D} = {DDAA579F-A1DC-4BBB-965A-1E0FA0ABF460}
		{93EC98ED-FD92-4684-9F4F-1424F431C2CE} = {FA3516B2-1BB7-456C-AFE5-B9F249584C54}
		{D556D848-802B-4CC8-ABEA-8D355FA5CF60} = {FA3516B2-1BB7-456C-AFE5-B9F249584C54}
	EndGlobalSection
	GlobalSection(ExtensibilityGlobals) = postSolution
		SolutionGuid = {F90A7416-B3E4-450C-AAD0-2AB5F2D12FF7}
	EndGlobalSection
EndGlobal
